
Microsoft Visual Studio Solution File, Format Version 12.00
# Visual Studio Version 17
VisualStudioVersion = 17.14.36301.6
MinimumVisualStudioVersion = 10.0.40219.1
Project("{FAE04EC0-301F-11D3-BF4B-00C04F79EFBC}") = "WebApi", "WebApi\WebApi.csproj", "{95C15788-9462-4420-B9DB-F7812FA66716}"
EndProject
Project("{FAE04EC0-301F-11D3-BF4B-00C04F79EFBC}") = "News.Service", "NewsService\News.Service.csproj", "{65F5E738-34F5-AFCA-AC66-716E401CF50A}"
EndProject
Project("{FAE04EC0-301F-11D3-BF4B-00C04F79EFBC}") = "News.Infrastracture", "News.Infrastracture\News.Infrastracture.csproj", "{526A0A26-29AF-184D-9FE2-FCF29FFC3828}"
EndProject
Project("{FAE04EC0-301F-11D3-BF4B-00C04F79EFBC}") = "News.Domain", "News.Domain\News.Domain.csproj", "{ABF36E9E-CA9D-E521-06AC-BB09A2CE9DB4}"
EndProject
Global
	GlobalSection(SolutionConfigurationPlatforms) = preSolution
		Debug|Any CPU = Debug|Any CPU
		Release|Any CPU = Release|Any CPU
	EndGlobalSection
	GlobalSection(ProjectConfigurationPlatforms) = postSolution
		{95C15788-9462-4420-B9DB-F7812FA66716}.Debug|Any CPU.ActiveCfg = Debug|Any CPU
		{95C15788-9462-4420-B9DB-F7812FA66716}.Debug|Any CPU.Build.0 = Debug|Any CPU
		{95C15788-9462-4420-B9DB-F7812FA66716}.Release|Any CPU.ActiveCfg = Release|Any CPU
		{95C15788-9462-4420-B9DB-F7812FA66716}.Release|Any CPU.Build.0 = Release|Any CPU
		{65F5E738-34F5-AFCA-AC66-716E401CF50A}.Debug|Any CPU.ActiveCfg = Debug|Any CPU
		{65F5E738-34F5-AFCA-AC66-716E401CF50A}.Debug|Any CPU.Build.0 = Debug|Any CPU
		{65F5E738-34F5-AFCA-AC66-716E401CF50A}.Release|Any CPU.ActiveCfg = Release|Any CPU
		{65F5E738-34F5-AFCA-AC66-716E401CF50A}.Release|Any CPU.Build.0 = Release|Any CPU
		{526A0A26-29AF-184D-9FE2-FCF29FFC3828}.Debug|Any CPU.ActiveCfg = Debug|Any CPU
		{526A0A26-29AF-184D-9FE2-FCF29FFC3828}.Debug|Any CPU.Build.0 = Debug|Any CPU
		{526A0A26-29AF-184D-9FE2-FCF29FFC3828}.Release|Any CPU.ActiveCfg = Release|Any CPU
		{526A0A26-29AF-184D-9FE2-FCF29FFC3828}.Release|Any CPU.Build.0 = Release|Any CPU
		{ABF36E9E-CA9D-E521-06AC-BB09A2CE9DB4}.Debug|Any CPU.ActiveCfg = Debug|Any CPU
		{ABF36E9E-CA9D-E521-06AC-BB09A2CE9DB4}.Debug|Any CPU.Build.0 = Debug|Any CPU
		{ABF36E9E-CA9D-E521-06AC-BB09A2CE9DB4}.Release|Any CPU.ActiveCfg = Release|Any CPU
		{ABF36E9E-CA9D-E521-06AC-BB09A2CE9DB4}.Release|Any CPU.Build.0 = Release|Any CPU
	EndGlobalSection
	GlobalSection(SolutionProperties) = preSolution
		HideSolutionNode = FALSE
	EndGlobalSection
	GlobalSection(ExtensibilityGlobals) = postSolution
		SolutionGuid = {7A71EBB5-B65E-42EA-AD30-B354AAB6AC1F}
	EndGlobalSection
EndGlobal
